
Microsoft Visual Studio Solution File, Format Version 11.00
# Visual Studio 2010
Project("{8BC9CEB8-8B4A-11D0-8D11-00A0C91BC942}") = "ServerFrame", "ServerFrame\ServerFrame.vcxproj", "{4840BCEE-AE84-4062-ABB7-4745598D4F3F}"
EndProject
Global
	GlobalSection(SolutionConfigurationPlatforms) = preSolution
		Debug|Win32 = Debug|Win32
		Release|Win32 = Release|Win32
	EndGlobalSection
	GlobalSection(ProjectConfigurationPlatforms) = postSolution
		{4840BCEE-AE84-4062-ABB7-4745598D4F3F}.Debug|Win32.ActiveCfg = Debug|Win32
		{4840BCEE-AE84-4062-ABB7-4745598D4F3F}.Debug|Win32.Build.0 = Debug|Win32
		{4840BCEE-AE84-4062-ABB7-4745598D4F3F}.Release|Win32.ActiveCfg = Release|Win32
		{4840BCEE-AE84-4062-ABB7-4745598D4F3F}.Release|Win32.Build.0 = Release|Win32
	EndGlobalSection
	GlobalSection(SolutionProperties) = preSolution
		HideSolutionNode = FALSE
	EndGlobalSection
EndGlobal
